
Microsoft Visual Studio Solution File, Format Version 12.00
# Visual Studio 2013
VisualStudioVersion = 12.0.40629.0
MinimumVisualStudioVersion = 10.0.40219.1
Project("{FAE04EC0-301F-11D3-BF4B-00C04F79EFBC}") = "TheseusAndTheMinotaur", "TheseusAndTheMinotaur\TheseusAndTheMinotaur.csproj", "{5C277ACC-6C2A-4747-82D4-1CA2D7DF390F}"
EndProject
Global
	GlobalSection(SolutionConfigurationPlatforms) = preSolution
		Debug|Any CPU = Debug|Any CPU
		Release|Any CPU = Release|Any CPU
	EndGlobalSection
	GlobalSection(ProjectConfigurationPlatforms) = postSolution
		{5C277ACC-6C2A-4747-82D4-1CA2D7DF390F}.Debug|Any CPU.ActiveCfg = Debug|Any CPU
		{5C277ACC-6C2A-4747-82D4-1CA2D7DF390F}.Debug|Any CPU.Build.0 = Debug|Any CPU
		{5C277ACC-6C2A-4747-82D4-1CA2D7DF390F}.Release|Any CPU.ActiveCfg = Release|Any CPU
		{5C277ACC-6C2A-4747-82D4-1CA2D7DF390F}.Release|Any CPU.Build.0 = Release|Any CPU
	EndGlobalSection
	GlobalSection(SolutionProperties) = preSolution
		HideSolutionNode = FALSE
	EndGlobalSection
EndGlobal
